dependencies:
- name: online-boutique-common
  repository: file://../../online-boutique-common
  version: 0.1.0
- name: cartservice
  repository: file://../../online-boutique-services/cartservice
  version: 0.1.0
- name: redis
  repository: file://../../online-boutique-services/redis
  version: 0.1.0
- name: currencyservice
  repository: file://../../online-boutique-services/currencyservice
  version: 0.1.0
- name: emailservice
  repository: file://../../online-boutique-services/emailservice
  version: 0.1.0
- name: recommendationservice
  repository: file://../../online-boutique-services/recommendationservice
  version: 0.1.0
- name: adservice
  repository: file://../../online-boutique-services/adservice
  version: 0.1.0
- name: loadgenerator
  repository: file://../../online-boutique-services/loadgenerator
  version: 0.1.0
- name: checkoutservice
  repository: file://../../online-boutique-services/checkoutservice
  version: 0.1.0
- name: frontend
  repository: file://../../online-boutique-services/frontend
  version: 0.1.0
- name: shippingservice
  repository: file://../../online-boutique-services/shippingservice
  version: 0.1.0
- name: productcatalogservice
  repository: file://../../online-boutique-services/productcatalogservice
  version: 0.1.0
- name: paymentservice
  repository: file://../../online-boutique-services/paymentservice
  version: 0.1.0
digest: sha256:eeb427bba25c05f6298cbb740ecfe8356aab99d05656bd6260037e4ed2e088a9
generated: "2025-12-09T22:26:09.809928466+01:00"
