dependencies:
- name: online-boutique-common
  repository: file://../../online-boutique-common
  version: 0.1.0
- name: cartservice
  repository: file://../../online-boutique-services/cartservice
  version: 0.1.0
- name: currencyservice
  repository: file://../../online-boutique-services/currencyservice
  version: 0.1.0
- name: emailservice
  repository: file://../../online-boutique-services/emailservice
  version: 0.1.0
- name: recommendationservice
  repository: file://../../online-boutique-services/recommendationservice
  version: 0.1.0
- name: adservice
  repository: file://../../online-boutique-services/adservice
  version: 0.1.0
- name: loadgenerator
  repository: file://../../online-boutique-services/loadgenerator
  version: 0.1.0
- name: checkoutservice
  repository: file://../../online-boutique-services/checkoutservice
  version: 0.1.0
- name: frontend
  repository: file://../../online-boutique-services/frontend
  version: 0.1.0
- name: shippingservice
  repository: file://../../online-boutique-services/shippingservice
  version: 0.1.0
- name: productcatalogservice
  repository: file://../../online-boutique-services/productcatalogservice
  version: 0.1.0
- name: paymentservice
  repository: file://../../online-boutique-services/paymentservice
  version: 0.1.0
digest: sha256:bc5f53d649841d9ed0d229b7b4c751eae8b302ac933709db7fb4b3d69bc51eeb
generated: "2025-10-27T21:12:45.615850118+01:00"
